
Microsoft Visual Studio Solution File, Format Version 12.00
# Visual Studio Version 17
VisualStudioVersion = 17.10.35013.160
MinimumVisualStudioVersion = 10.0.40219.1
Project("{FAE04EC0-301F-11D3-BF4B-00C04F79EFBC}") = "DigiDocumentation", "DigiDocumentation\DigiDocumentation.csproj", "{D3CBE8B1-FDA7-40B0-B858-0885A65E1C8F}"
EndProject
Project("{FAE04EC0-301F-11D3-BF4B-00C04F79EFBC}") = "Domain", "Domain\Domain.csproj", "{5ABE6272-F609-413D-A930-ACF6259AE3DA}"
EndProject
Project("{FAE04EC0-301F-11D3-BF4B-00C04F79EFBC}") = "Infrastructure", "Infrastructure\Infrastructure.csproj", "{C02E3491-ED3C-4E2A-9F87-33496F8ED78E}"
EndProject
Project("{FAE04EC0-301F-11D3-BF4B-00C04F79EFBC}") = "Persistence", "Persistence\Persistence.csproj", "{2736EDF7-90AA-48AB-8A03-11D41CF669EF}"
EndProject
Project("{FAE04EC0-301F-11D3-BF4B-00C04F79EFBC}") = "Service", "Service\Service.csproj", "{5723F19F-B54C-4541-AD87-7CD9744B8C72}"
EndProject
Global
	GlobalSection(SolutionConfigurationPlatforms) = preSolution
		Debug|Any CPU = Debug|Any CPU
		Release|Any CPU = Release|Any CPU
	EndGlobalSection
	GlobalSection(ProjectConfigurationPlatforms) = postSolution
		{D3CBE8B1-FDA7-40B0-B858-0885A65E1C8F}.Debug|Any CPU.ActiveCfg = Debug|Any CPU
		{D3CBE8B1-FDA7-40B0-B858-0885A65E1C8F}.Debug|Any CPU.Build.0 = Debug|Any CPU
		{D3CBE8B1-FDA7-40B0-B858-0885A65E1C8F}.Release|Any CPU.ActiveCfg = Release|Any CPU
		{D3CBE8B1-FDA7-40B0-B858-0885A65E1C8F}.Release|Any CPU.Build.0 = Release|Any CPU
		{5ABE6272-F609-413D-A930-ACF6259AE3DA}.Debug|Any CPU.ActiveCfg = Debug|Any CPU
		{5ABE6272-F609-413D-A930-ACF6259AE3DA}.Debug|Any CPU.Build.0 = Debug|Any CPU
		{5ABE6272-F609-413D-A930-ACF6259AE3DA}.Release|Any CPU.ActiveCfg = Release|Any CPU
		{5ABE6272-F609-413D-A930-ACF6259AE3DA}.Release|Any CPU.Build.0 = Release|Any CPU
		{C02E3491-ED3C-4E2A-9F87-33496F8ED78E}.Debug|Any CPU.ActiveCfg = Debug|Any CPU
		{C02E3491-ED3C-4E2A-9F87-33496F8ED78E}.Debug|Any CPU.Build.0 = Debug|Any CPU
		{C02E3491-ED3C-4E2A-9F87-33496F8ED78E}.Release|Any CPU.ActiveCfg = Release|Any CPU
		{C02E3491-ED3C-4E2A-9F87-33496F8ED78E}.Release|Any CPU.Build.0 = Release|Any CPU
		{2736EDF7-90AA-48AB-8A03-11D41CF669EF}.Debug|Any CPU.ActiveCfg = Debug|Any CPU
		{2736EDF7-90AA-48AB-8A03-11D41CF669EF}.Debug|Any CPU.Build.0 = Debug|Any CPU
		{2736EDF7-90AA-48AB-8A03-11D41CF669EF}.Release|Any CPU.ActiveCfg = Release|Any CPU
		{2736EDF7-90AA-48AB-8A03-11D41CF669EF}.Release|Any CPU.Build.0 = Release|Any CPU
		{5723F19F-B54C-4541-AD87-7CD9744B8C72}.Debug|Any CPU.ActiveCfg = Debug|Any CPU
		{5723F19F-B54C-4541-AD87-7CD9744B8C72}.Debug|Any CPU.Build.0 = Debug|Any CPU
		{5723F19F-B54C-4541-AD87-7CD9744B8C72}.Release|Any CPU.ActiveCfg = Release|Any CPU
		{5723F19F-B54C-4541-AD87-7CD9744B8C72}.Release|Any CPU.Build.0 = Release|Any CPU
	EndGlobalSection
	GlobalSection(SolutionProperties) = preSolution
		HideSolutionNode = FALSE
	EndGlobalSection
	GlobalSection(ExtensibilityGlobals) = postSolution
		SolutionGuid = {35F381C8-90F5-4D15-8C64-A48237D67566}
	EndGlobalSection
EndGlobal
